
Microsoft Visual Studio Solution File, Format Version 11.00
# Visual Studio 2010
Project("{FAE04EC0-301F-11D3-BF4B-00C04F79EFBC}") = "ScreenShort", "ScreenShot3.0.0.csproj", "{F3897B90-7C72-48AD-9EA2-FB2702611ED1}"
EndProject
Global
	GlobalSection(SolutionConfigurationPlatforms) = preSolution
		Debug|Any CPU = Debug|Any CPU
		Release|Any CPU = Release|Any CPU
	EndGlobalSection
	GlobalSection(ProjectConfigurationPlatforms) = postSolution
		{F3897B90-7C72-48AD-9EA2-FB2702611ED1}.Debug|Any CPU.ActiveCfg = Debug|Any CPU
		{F3897B90-7C72-48AD-9EA2-FB2702611ED1}.Debug|Any CPU.Build.0 = Debug|Any CPU
		{F3897B90-7C72-48AD-9EA2-FB2702611ED1}.Release|Any CPU.ActiveCfg = Release|Any CPU
		{F3897B90-7C72-48AD-9EA2-FB2702611ED1}.Release|Any CPU.Build.0 = Release|Any CPU
	EndGlobalSection
	GlobalSection(SolutionProperties) = preSolution
		HideSolutionNode = FALSE
	EndGlobalSection
EndGlobal
